github.com/corespeed-io/wechatbot/golang v0.0.0-20260410092226-31cf9c9cca0b h1:hsYB66MmET6O9GTSXbiIdnpA4ChziKSDOvK3vQS7Ev8=
github.com/corespeed-io/wechatbot/golang v0.0.0-20260410092226-31cf9c9cca0b/go.mod h1:TI60RXgFTOUfx3woJrnxMhJ7JP5hiW44fhyTMo5cqv8=
github.com/skip2/go-qrcode v0.0.0-20200617195104-da1b6568686e h1:MRM5ITcdelLK2j1vwZ3Je0FKVCfqOLp5zO6trqMLYs0=
github.com/skip2/go-qrcode v0.0.0-20200617195104-da1b6568686e/go.mod h1:XV66xRDqSt+GTGFMVlhk3ULuV0y9ZmzeVGR4mloJI3M=
